
Microsoft Visual Studio Solution File, Format Version 12.00
# Visual Studio 14
VisualStudioVersion = 14.0.25420.1
MinimumVisualStudioVersion = 10.0.40219.1
Project("{FAE04EC0-301F-11D3-BF4B-00C04F79EFBC}") = "HardwareMonitor", "HardwareMonitor\HardwareMonitor.csproj", "{EDB964A3-62A8-42FC-BF16-86DFC1B0F8C3}"
	ProjectSection(ProjectDependencies) = postProject
		{819A3790-6590-4C89-A13F-BECD8E9845B7} = {819A3790-6590-4C89-A13F-BECD8E9845B7}
	EndProjectSection
EndProject
Project("{FAE04EC0-301F-11D3-BF4B-00C04F79EFBC}") = "TestProject", "TestProject\TestProject.csproj", "{B2658760-16C7-4B9B-A13D-39A48E465932}"
	ProjectSection(ProjectDependencies) = postProject
		{819A3790-6590-4C89-A13F-BECD8E9845B7} = {819A3790-6590-4C89-A13F-BECD8E9845B7}
		{EDB964A3-62A8-42FC-BF16-86DFC1B0F8C3} = {EDB964A3-62A8-42FC-BF16-86DFC1B0F8C3}
	EndProjectSection
EndProject
Project("{FAE04EC0-301F-11D3-BF4B-00C04F79EFBC}") = "Model", "Model\Model.csproj", "{819A3790-6590-4C89-A13F-BECD8E9845B7}"
EndProject
Project("{FAE04EC0-301F-11D3-BF4B-00C04F79EFBC}") = "HttpServer", "HttpServer\HttpServer.csproj", "{598EB8A4-ADC9-4D7B-91E8-7A9345B30C50}"
	ProjectSection(ProjectDependencies) = postProject
		{819A3790-6590-4C89-A13F-BECD8E9845B7} = {819A3790-6590-4C89-A13F-BECD8E9845B7}
		{EDB964A3-62A8-42FC-BF16-86DFC1B0F8C3} = {EDB964A3-62A8-42FC-BF16-86DFC1B0F8C3}
	EndProjectSection
EndProject
Project("{FAE04EC0-301F-11D3-BF4B-00C04F79EFBC}") = "HardwareMonitorApplication", "HardwareMonitorApplication\HardwareMonitorApplication.csproj", "{DB09BDA9-EFD7-483D-98C1-3946DB322642}"
	ProjectSection(ProjectDependencies) = postProject
		{4CA28392-5E57-4E64-A426-12780F2F475E} = {4CA28392-5E57-4E64-A426-12780F2F475E}
	EndProjectSection
EndProject
Project("{FAE04EC0-301F-11D3-BF4B-00C04F79EFBC}") = "Launcher", "Launcher\Launcher.csproj", "{AE61A5DC-8A38-4033-A793-CDB015EAD7FA}"
	ProjectSection(ProjectDependencies) = postProject
		{819A3790-6590-4C89-A13F-BECD8E9845B7} = {819A3790-6590-4C89-A13F-BECD8E9845B7}
		{4CA28392-5E57-4E64-A426-12780F2F475E} = {4CA28392-5E57-4E64-A426-12780F2F475E}
		{EDB964A3-62A8-42FC-BF16-86DFC1B0F8C3} = {EDB964A3-62A8-42FC-BF16-86DFC1B0F8C3}
		{598EB8A4-ADC9-4D7B-91E8-7A9345B30C50} = {598EB8A4-ADC9-4D7B-91E8-7A9345B30C50}
		{DB09BDA9-EFD7-483D-98C1-3946DB322642} = {DB09BDA9-EFD7-483D-98C1-3946DB322642}
	EndProjectSection
EndProject
Project("{FAE04EC0-301F-11D3-BF4B-00C04F79EFBC}") = "HardwareMonitorService", "HardwareMonitorService\HardwareMonitorService.csproj", "{4CA28392-5E57-4E64-A426-12780F2F475E}"
EndProject
Global
	GlobalSection(SolutionConfigurationPlatforms) = preSolution
		Debug|Any CPU = Debug|Any CPU
		Release|Any CPU = Release|Any CPU
	EndGlobalSection
	GlobalSection(ProjectConfigurationPlatforms) = postSolution
		{EDB964A3-62A8-42FC-BF16-86DFC1B0F8C3}.Debug|Any CPU.ActiveCfg = Debug|Any CPU
		{EDB964A3-62A8-42FC-BF16-86DFC1B0F8C3}.Debug|Any CPU.Build.0 = Debug|Any CPU
		{EDB964A3-62A8-42FC-BF16-86DFC1B0F8C3}.Release|Any CPU.ActiveCfg = Release|Any CPU
		{EDB964A3-62A8-42FC-BF16-86DFC1B0F8C3}.Release|Any CPU.Build.0 = Release|Any CPU
		{B2658760-16C7-4B9B-A13D-39A48E465932}.Debug|Any CPU.ActiveCfg = Debug|Any CPU
		{B2658760-16C7-4B9B-A13D-39A48E465932}.Debug|Any CPU.Build.0 = Debug|Any CPU
		{B2658760-16C7-4B9B-A13D-39A48E465932}.Release|Any CPU.ActiveCfg = Release|Any CPU
		{B2658760-16C7-4B9B-A13D-39A48E465932}.Release|Any CPU.Build.0 = Release|Any CPU
		{819A3790-6590-4C89-A13F-BECD8E9845B7}.Debug|Any CPU.ActiveCfg = Debug|Any CPU
		{819A3790-6590-4C89-A13F-BECD8E9845B7}.Debug|Any CPU.Build.0 = Debug|Any CPU
		{819A3790-6590-4C89-A13F-BECD8E9845B7}.Release|Any CPU.ActiveCfg = Release|Any CPU
		{819A3790-6590-4C89-A13F-BECD8E9845B7}.Release|Any CPU.Build.0 = Release|Any CPU
		{598EB8A4-ADC9-4D7B-91E8-7A9345B30C50}.Debug|Any CPU.ActiveCfg = Debug|Any CPU
		{598EB8A4-ADC9-4D7B-91E8-7A9345B30C50}.Debug|Any CPU.Build.0 = Debug|Any CPU
		{598EB8A4-ADC9-4D7B-91E8-7A9345B30C50}.Release|Any CPU.ActiveCfg = Release|Any CPU
		{598EB8A4-ADC9-4D7B-91E8-7A9345B30C50}.Release|Any CPU.Build.0 = Release|Any CPU
		{DB09BDA9-EFD7-483D-98C1-3946DB322642}.Debug|Any CPU.ActiveCfg = Debug|Any CPU
		{DB09BDA9-EFD7-483D-98C1-3946DB322642}.Debug|Any CPU.Build.0 = Debug|Any CPU
		{DB09BDA9-EFD7-483D-98C1-3946DB322642}.Release|Any CPU.ActiveCfg = Release|Any CPU
		{DB09BDA9-EFD7-483D-98C1-3946DB322642}.Release|Any CPU.Build.0 = Release|Any CPU
		{AE61A5DC-8A38-4033-A793-CDB015EAD7FA}.Debug|Any CPU.ActiveCfg = Debug|Any CPU
		{AE61A5DC-8A38-4033-A793-CDB015EAD7FA}.Debug|Any CPU.Build.0 = Debug|Any CPU
		{AE61A5DC-8A38-4033-A793-CDB015EAD7FA}.Release|Any CPU.ActiveCfg = Release|Any CPU
		{AE61A5DC-8A38-4033-A793-CDB015EAD7FA}.Release|Any CPU.Build.0 = Release|Any CPU
		{4CA28392-5E57-4E64-A426-12780F2F475E}.Debug|Any CPU.ActiveCfg = Debug|Any CPU
		{4CA28392-5E57-4E64-A426-12780F2F475E}.Debug|Any CPU.Build.0 = Debug|Any CPU
		{4CA28392-5E57-4E64-A426-12780F2F475E}.Release|Any CPU.ActiveCfg = Release|Any CPU
		{4CA28392-5E57-4E64-A426-12780F2F475E}.Release|Any CPU.Build.0 = Release|Any CPU
	EndGlobalSection
	GlobalSection(SolutionProperties) = preSolution
		HideSolutionNode = FALSE
	EndGlobalSection
EndGlobal
